# reconFTW v2.0 — Tools Lock
# Phase 3 seed: 10 tools needed by Phase 4 (Subdomains E2E + Axiom Integration).
# Phase 11 (Installer + Cross-Platform + Docker) extends this to the full 70+ tool
# inventory with SHA-256 verification per INST-02..04.
#
# Format: per-tool table; required keys:
#   name              — exec.LookPath name
#   kind              — go | python | system | rust
#   go_module         — Go module path (Go tools only)
#   description       — one-line description for health-check / docs
#   default_args      — args prepended to every invocation (currently empty)
#   timeout_seconds   — per-invocation timeout; 0 = no hard timeout
#   critical          — bool; FOUND-08 + Blocker 5: critical tools cause
#                       `reconftw health-check` to exit 1 when absent
#
# Critical tier (3 tools — the smallest passive+probe+resolve trio needed
# for any meaningful Phase 4 run):
#   subfinder — passive subdomain enumeration
#   httpx     — HTTP probe + tech detection
#   dnsx      — DNS resolver toolkit
#
# Required-but-not-critical (7 tools): missing-required → WARN in health-check.

schema_version = "1.0"
generated_by   = "phase-11-plan-01"
generated_at   = "2026-06-16"

[[tools]]
name            = "subfinder"
kind            = "go"
go_module       = "github.com/projectdiscovery/subfinder/v2/cmd/subfinder"
description     = "Passive multi-source subdomain enumeration"
default_args    = []
timeout_seconds = 180
critical        = true
version         = "v2.14.0"
input_flag      = ""
[[tools]]
name            = "httpx"
kind            = "go"
go_module       = "github.com/projectdiscovery/httpx/cmd/httpx"
description     = "HTTP probe with tech detection"
default_args    = []
timeout_seconds = 0
critical        = true
version         = "v1.9.0"
input_flag      = "-l"
[[tools]]
name            = "dnsx"
kind            = "go"
go_module       = "github.com/projectdiscovery/dnsx/cmd/dnsx"
description     = "DNS toolkit (A/CNAME/MX/TXT resolver)"
default_args    = []
timeout_seconds = 14400
critical        = true
version         = "v1.2.1"
input_flag      = "-l"
[[tools]]
name            = "crt"
kind            = "go"
go_module       = "github.com/cemulus/crt"
description     = "crt.sh search"
default_args    = []
timeout_seconds = 60
critical        = false
version         = "latest"
input_flag      = ""
[[tools]]
name            = "puredns"
kind            = "go"
go_module       = "github.com/d3mondev/puredns/v2"
description     = "Mass DNS resolution with wildcard filtering; positional: puredns bruteforce <wordlist> -d <domain> OR puredns resolve <domains>"
default_args    = []
timeout_seconds = 3600
critical        = false
version         = "v2.1.1"
input_flag      = ""
[[tools]]
name            = "gotator"
kind            = "go"
go_module       = "github.com/Josue87/gotator"
description     = "Subdomain permutations"
default_args    = []
timeout_seconds = 600
critical        = false
version         = "latest"
input_flag      = ""
[[tools]]
name            = "anew"
kind            = "go"
go_module       = "github.com/tomnomnom/anew"
description     = "Append new lines only (dedup)"
default_args    = []
timeout_seconds = 30
critical        = false
version         = "latest"
input_flag      = ""
[[tools]]
name            = "asnmap"
kind            = "go"
go_module       = "github.com/projectdiscovery/asnmap/cmd/asnmap"
description     = "ASN-to-CIDR mapping"
default_args    = []
timeout_seconds = 120
critical        = false
version         = "latest"
input_flag      = ""
[[tools]]
name            = "s3scanner"
kind            = "go"
go_module       = "github.com/sa7mon/s3scanner"
description     = "S3/GCS/Azure Blob misconfiguration scanner"
default_args    = []
timeout_seconds = 600
critical        = false
version         = "latest"
input_flag      = "--bucket-file"
[[tools]]
name            = "subzy"
kind            = "go"
go_module       = "github.com/PentestPad/subzy"
description     = "Subdomain takeover detection"
default_args    = []
timeout_seconds = 600
critical        = false
version         = "latest"
input_flag      = ""

# Phase 4 expansion — plan-00
[[tools]]
name            = "github-subdomains"
kind            = "go"
go_module       = "github.com/gwen001/github-subdomains"
description     = "GitHub-based subdomain search"
default_args    = []
timeout_seconds = 120
critical        = false
version         = "latest"
input_flag      = ""
[[tools]]
name            = "gitlab-subdomains"
kind            = "go"
go_module       = "github.com/gwen001/gitlab-subdomains"
description     = "GitLab-based subdomain search"
default_args    = []
timeout_seconds = 120
critical        = false
version         = "latest"
input_flag      = ""
[[tools]]
name            = "tlsx"
kind            = "go"
go_module       = "github.com/projectdiscovery/tlsx/cmd/tlsx"
description     = "TLS certificate harvesting"
default_args    = []
timeout_seconds = 300
critical        = false
version         = "v1.1.7"
input_flag      = "-l"
[[tools]]
name            = "dnstake"
kind            = "go"
go_module       = "github.com/pwnesia/dnstake"
description     = "Subdomain takeover detection via DNS"
default_args    = []
timeout_seconds = 600
critical        = false
version         = "latest"
input_flag      = ""
[[tools]]
name            = "regulator"
kind            = "python"
pip_package     = "git+https://github.com/cramppet/regulator"
description     = "Regex-based subdomain permutations"
default_args    = []
timeout_seconds = 600
critical        = false
version         = "latest"
input_flag      = ""
[[tools]]
name            = "hakip2host"
kind            = "go"
go_module       = "github.com/hakluke/hakip2host"
description     = "Reverse IP lookup"
default_args    = []
timeout_seconds = 120
critical        = false
version         = "latest"
input_flag      = ""
[[tools]]
name            = "analyticsrelationships"
kind            = "go"
go_module       = "github.com/Josue87/analyticsrelationships"
description     = "Google Analytics-based subdomain pivoting"
default_args    = []
timeout_seconds = 120
critical        = false
version         = "latest"
input_flag      = ""
[[tools]]
name            = "favirecon"
kind            = "go"
go_module       = "github.com/edoardottt/favirecon/cmd/favirecon"
description     = "Favicon-based technology reconnaissance"
default_args    = []
timeout_seconds = 300
critical        = false
version         = "latest"
input_flag      = ""
[[tools]]
name            = "subjs"
kind            = "go"
go_module       = "github.com/lc/subjs"
description     = "JavaScript URL extractor"
default_args    = []
timeout_seconds = 120
critical        = false
version         = "latest"
input_flag      = ""
[[tools]]
name            = "jsluice"
kind            = "go"
go_module       = "github.com/BishopFox/jsluice/cmd/jsluice"
description     = "JS secret/URL extractor"
default_args    = []
timeout_seconds = 300
critical        = false
version         = "latest"
input_flag      = ""
[[tools]]
name            = "massdns"
kind            = "system"
description     = "High-performance DNS stub resolver (build from source)"
default_args    = []
timeout_seconds = 0
critical        = false
version         = ""
input_flag      = ""
[[tools]]
name            = "urlfinder"
kind            = "go"
go_module       = "github.com/projectdiscovery/urlfinder/cmd/urlfinder"
description     = "URL discovery"
default_args    = []
timeout_seconds = 180
critical        = false
version         = "latest"
input_flag      = ""
[[tools]]
name            = "unfurl"
kind            = "go"
go_module       = "github.com/tomnomnom/unfurl"
description     = "URL parser"
default_args    = []
timeout_seconds = 30
critical        = false
version         = "latest"
input_flag      = ""
[[tools]]
name            = "axiom-scan"
kind            = "system"
description     = "Axiom distributed scan CLI (part of axiom installation)"
default_args    = []
timeout_seconds = 0
critical        = false
version         = ""
input_flag      = ""
[[tools]]
# dnscewl: DNS permutation wordlist generator (B1/W1 — SUBD-03 third permut tool named in D-01)
# INSTALL AMBIGUITY: go_module path requires verification against pkg before installing
# (slopcheck protocol — verify at pkg.go.dev/github.com/codingo/dnscewl)
name            = "dnscewl"
kind            = "go"
go_module       = "github.com/codingo/dnscewl"
description     = "DNS permutation wordlist generator (SUBD-03 third permut tool)"
default_args    = []
timeout_seconds = 600
critical        = false
version         = "latest"
input_flag      = "-f"
[[tools]]
name            = "csprecon"
kind            = "go"
go_module       = "github.com/edoardottt/csprecon/cmd/csprecon"
description     = "CSP-based subdomain discovery"
default_args    = []
timeout_seconds = 120
critical        = false
version         = "latest"
input_flag      = ""

# Phase 5 additions (Web Pipeline E2E)
[[tools]]
name            = "katana"
kind            = "go"
go_module       = "github.com/projectdiscovery/katana/cmd/katana"
description     = "Web crawler with JS rendering and scope filtering"
default_args    = []
timeout_seconds = 14400
critical        = false
version         = "v1.1.2"
input_flag      = "-list"
[[tools]]
name            = "nuclei"
kind            = "go"
go_module       = "github.com/projectdiscovery/nuclei/v3/cmd/nuclei"
description     = "Template-based vulnerability and misconfiguration scanner"
default_args    = []
timeout_seconds = 0
critical        = false
version         = "v3.8.0"
input_flag      = "-l"
[[tools]]
name            = "ffuf"
kind            = "go"
go_module       = "github.com/ffuf/ffuf/v2"
description     = "Fast web fuzzer for directory/file brute-forcing"
default_args    = []
timeout_seconds = 900
critical        = false
version         = "v2.1.0"
input_flag      = ""
[[tools]]
name            = "wafw00f"
kind            = "python"
pip_package     = "wafw00f"
description     = "WAF fingerprinting tool"
default_args    = []
timeout_seconds = 120
critical        = false
version         = "latest"
input_flag      = "-i"
[[tools]]
name            = "cdncheck"
kind            = "go"
go_module       = "github.com/projectdiscovery/cdncheck/cmd/cdncheck"
description     = "CDN/WAF IP classification"
default_args    = []
timeout_seconds = 120
critical        = false
version         = "latest"
input_flag      = ""
[[tools]]
name            = "hakoriginfinder"
kind            = "go"
go_module       = "github.com/hakluke/hakoriginfinder"
description     = "CDN origin IP discovery"
default_args    = []
timeout_seconds = 120
critical        = false
version         = "latest"
input_flag      = ""
[[tools]]
name            = "VhostFinder"
kind            = "go"
go_module       = "github.com/wdahlenburg/VhostFinder"
description     = "Virtual host discovery"
default_args    = []
timeout_seconds = 300
critical        = false
version         = "latest"
input_flag      = "-ips"
[[tools]]
name            = "shortscan"
kind            = "go"
go_module       = "github.com/bitquark/shortscan/cmd/shortscan"
description     = "IIS short filename scanner"
default_args    = []
timeout_seconds = 300
critical        = false
version         = "latest"
input_flag      = ""
[[tools]]
name            = "nomore403"
kind            = "go_clone"
repo_url        = "https://github.com/devploit/nomore403"
description     = "4xx bypass tool (repo-clone Go binary)"
default_args    = []
timeout_seconds = 300
critical        = false
version         = "latest"
input_flag      = ""
[[tools]]
name            = "mantra"
kind            = "go"
go_module       = "github.com/brosck/mantra"
description     = "JS/secret scanner"
default_args    = []
timeout_seconds = 300
critical        = false
version         = "latest"
input_flag      = ""
[[tools]]
name            = "sourcemapper"
kind            = "go"
go_module       = "github.com/denandz/sourcemapper"
description     = "JavaScript source map extractor"
default_args    = []
timeout_seconds = 300
critical        = false
version         = "latest"
input_flag      = ""
[[tools]]
name            = "waymore"
kind            = "python"
pip_package     = "git+https://github.com/xnl-h4ck3r/waymore"
description     = "Passive URL collection (Wayback/CommonCrawl/etc)"
default_args    = []
timeout_seconds = 1800
critical        = false
version         = "latest"
input_flag      = "-i"
[[tools]]
name            = "urless"
kind            = "python"
pip_package     = "git+https://github.com/xnl-h4ck3r/urless"
description     = "URL deduplication tool"
default_args    = []
timeout_seconds = 60
critical        = false
version         = "latest"
input_flag      = ""
[[tools]]
name            = "p1radup"
kind            = "python"
pip_package     = "git+https://github.com/iambouali/p1radup"
description     = "URL parameter deduplication"
default_args    = []
timeout_seconds = 60
critical        = false
version         = "latest"
input_flag      = "-i"
[[tools]]
name            = "Gxss"
kind            = "go"
go_module       = "github.com/KathanP19/Gxss"
description     = "Reflected XSS parameter finder"
default_args    = []
timeout_seconds = 120
critical        = false
version         = "latest"
input_flag      = ""
[[tools]]
name            = "arjun"
kind            = "python"
pip_package     = "git+https://github.com/s0md3v/Arjun"
description     = "HTTP parameter discovery"
default_args    = []
timeout_seconds = 7200
critical        = false
version         = "latest"
input_flag      = "-i"
[[tools]]
name            = "JSA"
kind            = "python_venv"
repo_url        = "https://github.com/w9w/JSA"
description     = "JavaScript analysis (repo-clone Python venv)"
default_args    = []
timeout_seconds = 300
critical        = false
version         = "latest"
input_flag      = "-f"

# Phase 6 additions (Vulnerability Scanning E2E)
# All Phase 6 vuln tools are critical=false — per-tool gating handles absence (D-V6).
# SHA-256 pins deferred to Phase 11 (INST-02); manual slopcheck before install (T-06-01-SC).
[[tools]]
name            = "gf"
kind            = "go"
go_module       = "github.com/tomnomnom/gf"
description     = "URL gf-pattern classifier (xss/sqli/ssrf/lfi/rce/redirect/ssti/potential)"
default_args    = []
timeout_seconds = 60
critical        = false
version         = "latest"
input_flag      = ""
[[tools]]
name            = "qsreplace"
kind            = "go"
go_module       = "github.com/tomnomnom/qsreplace"
description     = "Querystring replacer for payload injection"
default_args    = []
timeout_seconds = 30
critical        = false
version         = "latest"
input_flag      = ""
[[tools]]
name            = "dalfox"
kind            = "go"
go_module       = "github.com/hahwul/dalfox/v2"
description     = "XSS scanner (parameter-based; D-V6 WAF-friendly thread cap)"
default_args    = []
timeout_seconds = 0
critical        = false
version         = "v2.9.2"
input_flag      = ""
[[tools]]
name            = "sqlmap"
kind            = "system"
description     = "SQL injection scanner (system Python3 script or PATH binary)"
default_args    = []
timeout_seconds = 0
critical        = false
version         = ""
input_flag      = "-m"
[[tools]]
name            = "ghauri"
kind            = "python"
pip_package     = "git+https://github.com/r0oth3x49/ghauri"
description     = "SQLi scanner alternative engine (opt-in; D-V6 default off)"
default_args    = []
timeout_seconds = 0
critical        = false
version         = "latest"
input_flag      = ""
[[tools]]
name            = "interactsh-client"
kind            = "go"
go_module       = "github.com/projectdiscovery/interactsh/cmd/interactsh-client"
description     = "OOB callback server client for SSRF/blind-XSS (VULN-03)"
default_args    = []
timeout_seconds = 300
critical        = false
version         = "v1.2.2"
input_flag      = ""
[[tools]]
name            = "crlfuzz"
kind            = "go"
go_module       = "github.com/dwisiswant0/crlfuzz/cmd/crlfuzz"
description     = "CRLF injection scanner (VULN-06)"
default_args    = []
timeout_seconds = 300
critical        = false
version         = "latest"
input_flag      = "-l"
[[tools]]
name            = "TInjA"
kind            = "go"
go_module       = "github.com/Hackmanit/TInjA"
description     = "SSTI scanner (primary engine; VULN-05)"
default_args    = []
timeout_seconds = 300
critical        = false
version         = "latest"
input_flag      = ""
[[tools]]
name            = "SSTImap"
kind            = "python_venv"
repo_url        = "https://github.com/vladko312/SSTImap"
description     = "SSTI scanner alternative engine (VULN-05 SSTI_ENGINE=SSTImap)"
default_args    = []
timeout_seconds = 300
critical        = false
version         = "latest"
input_flag      = ""
[[tools]]
name            = "commix"
kind            = "python"
pip_package     = "git+https://github.com/commixproject/commix"
description     = "Command injection scanner (VULN-08)"
default_args    = []
timeout_seconds = 0
critical        = false
version         = "latest"
input_flag      = "-l"
[[tools]]
name            = "smugglex"
kind            = "rust"
cargo_package   = "smugglex"
description     = "HTTP request smuggling detector (VULN-07; Rust/Cargo install)"
default_args    = []
timeout_seconds = 300
critical        = false
version         = "latest"
input_flag      = ""
[[tools]]
name            = "Web-Cache-Vulnerability-Scanner"
kind            = "go"
go_module       = "github.com/Hackmanit/Web-Cache-Vulnerability-Scanner"
description     = "Web cache poisoning scanner WCVS (VULN-09)"
default_args    = []
timeout_seconds = 300
critical        = false
version         = "latest"
input_flag      = ""
[[tools]]
name            = "toxicache"
kind            = "go"
go_module       = "github.com/xhzeem/toxicache"
description     = "Web cache poisoning scanner toxicache (VULN-09 supplemental)"
default_args    = []
timeout_seconds = 300
critical        = false
version         = "latest"
input_flag      = ""
[[tools]]
name            = "second-order"
kind            = "go"
go_module       = "github.com/mhmdiaa/second-order"
description     = "Second-order injection + broken-link checker (VULN-12)"
default_args    = []
timeout_seconds = 300
critical        = false
version         = "latest"
input_flag      = ""
[[tools]]
name            = "fray"
kind            = "python"
pip_package     = "fray"
description     = "WAF-aware modern-payload scanner (D-V3: ai_prompt_injection/prototype_pollution/api_security)"
default_args    = []
timeout_seconds = 300
critical        = false
version         = "latest"
input_flag      = ""
[[tools]]
name            = "testssl.sh"
kind            = "system"
description     = "TLS/SSL misconfiguration testing (D-V3 fold-in; bash script)"
default_args    = []
timeout_seconds = 300
critical        = false
version         = ""
input_flag      = ""

# ─────────────────────────────────────────────────────────────────────────────
# Phase 7 — OSINT E2E tools (OSINT-01..16 + folded-in functions, D-O10).
# No SHA-256 pins yet (Phase 11 scope, D-O canonical_refs). asnmap + favirecon
# already present above (Phase 4/5). dnsx already present (DNS records OSINT-01).
# All best_effort (ARCH-09); most → LocalBackend (no axiom module).
# ─────────────────────────────────────────────────────────────────────────────
[[tools]]
name            = "whois"
kind            = "system"
description     = "Domain registration lookup (OSINT-01 domain_info)"
default_args    = []
timeout_seconds = 60
critical        = false
version         = ""
input_flag      = ""
[[tools]]
name            = "mapcidr"
kind            = "go"
go_module       = "github.com/projectdiscovery/mapcidr/cmd/mapcidr"
description     = "CIDR expansion/manipulation (OSINT-02 ip_info)"
default_args    = []
timeout_seconds = 120
critical        = false
version         = "latest"
input_flag      = ""
[[tools]]
name            = "EmailHarvester"
kind            = "python"
pip_package     = "EmailHarvester"
description     = "Email harvesting from public sources (OSINT-03 emails)"
default_args    = []
timeout_seconds = 300
critical        = false
version         = "latest"
input_flag      = ""
[[tools]]
name            = "dorks_hunter"
kind            = "python"
pip_package     = "dorks-hunter"
description     = "Google dork automation (OSINT-04 github/google dorks)"
default_args    = []
timeout_seconds = 600
critical        = false
version         = "latest"
input_flag      = ""
[[tools]]
name            = "gitdorks_go"
kind            = "go"
go_module       = "github.com/damit5/gitdorks_go"
description     = "GitHub dork search (OSINT-04 github_dorks)"
default_args    = []
timeout_seconds = 600
critical        = false
version         = "latest"
input_flag      = ""
[[tools]]
name            = "ghleaks"
kind            = "go"
go_module       = "github.com/dinosn/ghleaks"
description     = "GitHub-wide secret search (OSINT-05 github_leaks; XCUT-07 redact)"
default_args    = []
timeout_seconds = 600
critical        = false
version         = "latest"
input_flag      = ""
[[tools]]
name            = "trufflehog"
kind            = "go"
go_module       = "github.com/trufflesecurity/trufflehog/v3"
description     = "Secrets scanner over git repos (OSINT-05 github_leaks; XCUT-07 redact)"
default_args    = []
timeout_seconds = 1800
critical        = false
version         = "latest"
input_flag      = ""
[[tools]]
name            = "enumerepo"
kind            = "go"
go_module       = "github.com/trickest/enumerepo"
description     = "GitHub org repo enumeration (OSINT-05 github_repos; feeds github_leaks)"
default_args    = []
timeout_seconds = 600
critical        = false
version         = "latest"
input_flag      = ""
[[tools]]
name            = "gato"
kind            = "python"
pip_package     = "praetorian-gato"
description     = "GitHub Actions self-hosted-runner audit (OSINT-06 github_actions_audit)"
default_args    = []
timeout_seconds = 600
critical        = false
version         = "latest"
input_flag      = ""
[[tools]]
name            = "cloud_enum"
kind            = "python"
pip_package     = "cloud_enum"
description     = "AWS/GCP/Azure bucket enumeration (OSINT-07 cloud_enum; v1 conservative threads)"
default_args    = []
timeout_seconds = 900
critical        = false
version         = "latest"
input_flag      = ""
[[tools]]
name            = "porch-pirate"
kind            = "python"
pip_package     = "porch-pirate"
description     = "Postman public workspace leak search (OSINT-08 apileaks; XCUT-07 redact)"
default_args    = []
timeout_seconds = 600
critical        = false
version         = "latest"
input_flag      = ""
[[tools]]
name            = "postleaksNg"
kind            = "python"
pip_package     = "postleaksNg"
description     = "Postman public leak search (OSINT-08 apileaks; XCUT-07 redact)"
default_args    = []
timeout_seconds = 600
critical        = false
version         = "latest"
input_flag      = ""
[[tools]]
name            = "sj"
kind            = "go"
go_module       = "github.com/BishopFox/sj"
description     = "Swagger/OpenAPI definition analysis (OSINT-09 apileaks; XCUT-07 redact)"
default_args    = []
timeout_seconds = 600
critical        = false
version         = "latest"
input_flag      = ""
[[tools]]
name            = "SwaggerSpy"
kind            = "python"
pip_package     = "SwaggerSpy"
description     = "Swagger endpoint leak detection (OSINT-09 apileaks; XCUT-07 redact)"
default_args    = []
timeout_seconds = 600
critical        = false
version         = "latest"
input_flag      = ""
[[tools]]
name            = "Spoofy"
kind            = "python"
pip_package     = "Spoofy"
description     = "Email spoofing posture — SPF/DMARC/DKIM (OSINT-10 spoof/mail_hygiene)"
default_args    = []
timeout_seconds = 120
critical        = false
version         = "latest"
input_flag      = ""
[[tools]]
name            = "msftrecon"
kind            = "python"
pip_package     = "msftrecon"
description     = "Microsoft tenant recon (OSINT-11 msftrecon)"
default_args    = []
timeout_seconds = 300
critical        = false
version         = "latest"
input_flag      = ""
[[tools]]
name            = "cmseek"
kind            = "python"
pip_package     = "cmseek"
description     = "CMS fingerprinting (OSINT-12 cms)"
default_args    = []
timeout_seconds = 600
critical        = false
version         = "latest"
input_flag      = ""
[[tools]]
name            = "gqlspection"
kind            = "python"
pip_package     = "gqlspection"
description     = "GraphQL deep introspection (OSINT-13 graphql)"
default_args    = []
timeout_seconds = 300
critical        = false
version         = "latest"
input_flag      = ""
[[tools]]
name            = "cewler"
kind            = "python"
pip_package     = "cewler"
description     = "Custom wordlist generation from a site (OSINT-14 cewler)"
default_args    = []
timeout_seconds = 600
critical        = false
version         = "latest"
input_flag      = ""
[[tools]]
name            = "xnldorker"
kind            = "python"
pip_package     = "xnldorker"
description     = "Google dorking engine (OSINT-15 google dorks)"
default_args    = []
timeout_seconds = 600
critical        = false
version         = "latest"
input_flag      = ""
[[tools]]
name            = "misconfig-mapper"
kind            = "go"
go_module       = "github.com/intigriti/misconfig-mapper"
description     = "Third-party service misconfiguration mapper (fold-in D-O10)"
default_args    = []
timeout_seconds = 600
critical        = false
version         = "latest"
input_flag      = ""
[[tools]]
name            = "metafinder"
kind            = "python"
pip_package     = "metafinder"
description     = "Document metadata OSINT over indexed docs (fold-in metadata, D-O2)"
default_args    = []
timeout_seconds = 600
critical        = false
version         = "latest"
input_flag      = ""
[[tools]]
name            = "exiftool"
kind            = "system"
description     = "Document metadata extraction (fold-in metadata, D-O2)"
default_args    = []
timeout_seconds = 120
critical        = false
version         = ""
input_flag      = ""

[[tools]]
name            = "naabu"
kind            = "go"
go_module       = "github.com/projectdiscovery/naabu/v2/cmd/naabu"
description     = "Fast SYN/CONNECT port scanner"
default_args    = []
timeout_seconds = 0
critical        = false
version         = "v2.3.3"
input_flag      = "-list"

[[tools]]
name            = "notify"
kind            = "go"
go_module       = "github.com/projectdiscovery/notify/cmd/notify"
description     = "Multi-channel notification dispatch (Slack/Telegram/Discord)"
default_args    = []
timeout_seconds = 0
critical        = false
version         = "latest"
input_flag      = ""

[[tools]]
name            = "github-endpoints"
kind            = "go"
go_module       = "github.com/gwen001/github-endpoints"
description     = "GitHub endpoint discovery"
default_args    = []
timeout_seconds = 120
critical        = false
version         = "latest"
input_flag      = ""

[[tools]]
name            = "roboxtractor"
kind            = "go"
go_module       = "github.com/Josue87/roboxtractor"
description     = "robots.txt endpoint extractor"
default_args    = []
timeout_seconds = 120
critical        = false
version         = "latest"
input_flag      = ""

[[tools]]
name            = "smap"
kind            = "go"
go_module       = "github.com/s0md3v/smap/cmd/smap"
description     = "Passive Shodan-powered port scan"
default_args    = []
timeout_seconds = 300
critical        = false
version         = "latest"
input_flag      = ""

[[tools]]
name            = "dsieve"
kind            = "go"
go_module       = "github.com/trickest/dsieve"
description     = "Subdomain filtering by level"
default_args    = []
timeout_seconds = 60
critical        = false
version         = "latest"
input_flag      = ""

[[tools]]
name            = "inscope"
kind            = "go"
go_module       = "github.com/tomnomnom/hacks/inscope"
description     = "Scope filtering for URLs/hosts"
default_args    = []
timeout_seconds = 30
critical        = false
version         = "latest"
input_flag      = ""

[[tools]]
name            = "nmapurls"
kind            = "go"
go_module       = "github.com/sdcampbell/nmapurls"
description     = "Extract URLs from Nmap XML"
default_args    = []
timeout_seconds = 60
critical        = false
version         = "latest"
input_flag      = ""

[[tools]]
name            = "cent"
kind            = "go"
go_module       = "github.com/xm1k3/cent"
description     = "Nuclei template manager/aggregator"
default_args    = []
timeout_seconds = 120
critical        = false
version         = "latest"
input_flag      = ""

[[tools]]
name            = "grpcurl"
kind            = "go"
go_module       = "github.com/fullstorydev/grpcurl/cmd/grpcurl"
description     = "gRPC reflection client"
default_args    = []
timeout_seconds = 120
critical        = false
version         = "latest"
input_flag      = ""

[[tools]]
name            = "brutespray"
kind            = "go"
go_module       = "github.com/x90skysn3k/brutespray"
description     = "Service credential spraying"
default_args    = []
timeout_seconds = 300
critical        = false
version         = "latest"
input_flag      = ""

[[tools]]
name            = "dnsvalidator"
kind            = "python"
pip_package     = "git+https://github.com/vortexau/dnsvalidator"
description     = "DNS resolver validation"
default_args    = []
timeout_seconds = 300
critical        = false
version         = "latest"
input_flag      = ""

[[tools]]
name            = "interlace"
kind            = "python"
pip_package     = "git+https://github.com/pry0cc/interlace"
description     = "Parallel command runner"
default_args    = []
timeout_seconds = 0
critical        = false
version         = "latest"
input_flag      = ""

[[tools]]
name            = "xnLinkFinder"
kind            = "python"
pip_package     = "git+https://github.com/xnl-h4ck3r/xnLinkFinder"
description     = "Deep link/endpoint finder"
default_args    = []
timeout_seconds = 600
critical        = false
version         = "latest"
input_flag      = ""

[[tools]]
name            = "subwiz"
kind            = "python"
pip_package     = "subwiz"
description     = "ML-based subdomain prediction"
default_args    = []
timeout_seconds = 300
critical        = false
version         = "latest"
input_flag      = ""

[[tools]]
name            = "LeakSearch"
kind            = "python"
pip_package     = "git+https://github.com/JoelGMSec/LeakSearch"
description     = "Credential leak search"
default_args    = []
timeout_seconds = 600
critical        = false
version         = "latest"
input_flag      = ""
